
Microsoft Visual Studio Solution File, Format Version 12.00
# Visual Studio Version 16
VisualStudioVersion = 16.0.29709.97
MinimumVisualStudioVersion = 10.0.40219.1
Project("{FAE04EC0-301F-11D3-BF4B-00C04F79EFBC}") = "Azf-V3", "Azf-V3\Azf-V3.csproj", "{463C3D4F-7162-4A1B-9C78-D34E1DD89FDA}"
EndProject
Project("{FAE04EC0-301F-11D3-BF4B-00C04F79EFBC}") = "Azf-MVC", "Azf-MVC\Azf-MVC.csproj", "{258B5A7A-5C3F-48ED-806C-DE4EEC65CA49}"
EndProject
Global
	GlobalSection(SolutionConfigurationPlatforms) = preSolution
		Debug|Any CPU = Debug|Any CPU
		Release|Any CPU = Release|Any CPU
	EndGlobalSection
	GlobalSection(ProjectConfigurationPlatforms) = postSolution
		{463C3D4F-7162-4A1B-9C78-D34E1DD89FDA}.Debug|Any CPU.ActiveCfg = Debug|Any CPU
		{463C3D4F-7162-4A1B-9C78-D34E1DD89FDA}.Debug|Any CPU.Build.0 = Debug|Any CPU
		{463C3D4F-7162-4A1B-9C78-D34E1DD89FDA}.Release|Any CPU.ActiveCfg = Release|Any CPU
		{463C3D4F-7162-4A1B-9C78-D34E1DD89FDA}.Release|Any CPU.Build.0 = Release|Any CPU
		{258B5A7A-5C3F-48ED-806C-DE4EEC65CA49}.Debug|Any CPU.ActiveCfg = Debug|Any CPU
		{258B5A7A-5C3F-48ED-806C-DE4EEC65CA49}.Debug|Any CPU.Build.0 = Debug|Any CPU
		{258B5A7A-5C3F-48ED-806C-DE4EEC65CA49}.Release|Any CPU.ActiveCfg = Release|Any CPU
		{258B5A7A-5C3F-48ED-806C-DE4EEC65CA49}.Release|Any CPU.Build.0 = Release|Any CPU
	EndGlobalSection
	GlobalSection(SolutionProperties) = preSolution
		HideSolutionNode = FALSE
	EndGlobalSection
	GlobalSection(ExtensibilityGlobals) = postSolution
		SolutionGuid = {EA3A2FF8-771C-4D26-A50A-B49AA41CB282}
	EndGlobalSection
EndGlobal
